
Microsoft Visual Studio Solution File, Format Version 12.00
# Visual Studio Version 17
VisualStudioVersion = 17.4.33213.308
MinimumVisualStudioVersion = 10.0.40219.1
Project("{FAE04EC0-301F-11D3-BF4B-00C04F79EFBC}") = "CodingChallenge", "CodingChallenge\CodingChallenge.csproj", "{4FFD48CE-4B5B-47E7-A901-A50DFEC2908E}"
EndProject
Global
	GlobalSection(SolutionConfigurationPlatforms) = preSolution
		Debug|Any CPU = Debug|Any CPU
		Release|Any CPU = Release|Any CPU
	EndGlobalSection
	GlobalSection(ProjectConfigurationPlatforms) = postSolution
		{4FFD48CE-4B5B-47E7-A901-A50DFEC2908E}.Debug|Any CPU.ActiveCfg = Debug|Any CPU
		{4FFD48CE-4B5B-47E7-A901-A50DFEC2908E}.Debug|Any CPU.Build.0 = Debug|Any CPU
		{4FFD48CE-4B5B-47E7-A901-A50DFEC2908E}.Release|Any CPU.ActiveCfg = Release|Any CPU
		{4FFD48CE-4B5B-47E7-A901-A50DFEC2908E}.Release|Any CPU.Build.0 = Release|Any CPU
	EndGlobalSection
	GlobalSection(SolutionProperties) = preSolution
		HideSolutionNode = FALSE
	EndGlobalSection
	GlobalSection(ExtensibilityGlobals) = postSolution
		SolutionGuid = {8858E3FE-B822-44E1-BFC2-A9A82011F96F}
	EndGlobalSection
EndGlobal
